// !$*UTF8*$!
{
	archiveVersion = 1;
	classes = {
	};
	objectVersion = 56;
	objects = {

/* Begin PBXBuildFile section */
		25CCA3AF2C1AD8A1008F81A3 /* CommunityTableViewCell.swift in Sources */ = {isa = PBXBuildFile; fileRef = 25CCA3AE2C1AD8A1008F81A3 /* CommunityTableViewCell.swift */; };
		25CCA3B12C1ADA38008F81A3 /* CommunityTableViewCellSelf.swift in Sources */ = {isa = PBXBuildFile; fileRef = 25CCA3B02C1ADA38008F81A3 /* CommunityTableViewCellSelf.swift */; };
		25CCA3B32C1ADB2D008F81A3 /* CommunityData.swift in Sources */ = {isa = PBXBuildFile; fileRef = 25CCA3B22C1ADB2D008F81A3 /* CommunityData.swift */; };
		25CCA3B62C1ADE75008F81A3 /* CommunityChattingViewController.swift in Sources */ = {isa = PBXBuildFile; fileRef = 25CCA3B52C1ADE75008F81A3 /* CommunityChattingViewController.swift */; };
		25CCA3B82C1AE272008F81A3 /* CommunityLocalTableViewCell.swift in Sources */ = {isa = PBXBuildFile; fileRef = 25CCA3B72C1AE272008F81A3 /* CommunityLocalTableViewCell.swift */; };
		610717A32C2131A400626649 /* SwiftJWT in Frameworks */ = {isa = PBXBuildFile; productRef = 610717A22C2131A400626649 /* SwiftJWT */; };
		610717A72C21364600626649 /* AuthKey_RS7QZ647UQ_public.p8 in Resources */ = {isa = PBXBuildFile; fileRef = 610717A62C21364600626649 /* AuthKey_RS7QZ647UQ_public.p8 */; };
		610717A92C2137F600626649 /* AppleTokenResponse.swift in Sources */ = {isa = PBXBuildFile; fileRef = 610717A82C2137F600626649 /* AppleTokenResponse.swift */; };
		610717AB2C213D5C00626649 /* AuthKey_RS7QZ647UQ.p8 in Resources */ = {isa = PBXBuildFile; fileRef = 610717AA2C213D5C00626649 /* AuthKey_RS7QZ647UQ.p8 */; };
		611578D02C0DCAAB0096BC43 /* UserModel.swift in Sources */ = {isa = PBXBuildFile; fileRef = 611578CF2C0DCAAB0096BC43 /* UserModel.swift */; };
		6116167A2C1BD7A3008A2FA2 /* RecommendViewModel.swift in Sources */ = {isa = PBXBuildFile; fileRef = 611616792C1BD7A3008A2FA2 /* RecommendViewModel.swift */; };
		6116167E2C1C218C008A2FA2 /* ReportViewController.swift in Sources */ = {isa = PBXBuildFile; fileRef = 6116167D2C1C218B008A2FA2 /* ReportViewController.swift */; };
		611644302C08FFFC009FFDA5 /* GreetingHeaderView.swift in Sources */ = {isa = PBXBuildFile; fileRef = 6116442F2C08FFFC009FFDA5 /* GreetingHeaderView.swift */; };
		611644322C09000F009FFDA5 /* GreetingBodyView.swift in Sources */ = {isa = PBXBuildFile; fileRef = 611644312C09000F009FFDA5 /* GreetingBodyView.swift */; };
		611644352C09039F009FFDA5 /* SignViewModel.swift in Sources */ = {isa = PBXBuildFile; fileRef = 611644342C09039F009FFDA5 /* SignViewModel.swift */; };
		611644382C0909D4009FFDA5 /* SignManager.swift in Sources */ = {isa = PBXBuildFile; fileRef = 611644372C0909D4009FFDA5 /* SignManager.swift */; };
		61395F3C2C14C7AD006E7EBD /* ProgressHUD in Frameworks */ = {isa = PBXBuildFile; productRef = 61395F3B2C14C7AD006E7EBD /* ProgressHUD */; };
		613D86992C05BFF80039E771 /* AppDelegate.swift in Sources */ = {isa = PBXBuildFile; fileRef = 613D86982C05BFF80039E771 /* AppDelegate.swift */; };
		613D869B2C05BFF80039E771 /* SceneDelegate.swift in Sources */ = {isa = PBXBuildFile; fileRef = 613D869A2C05BFF80039E771 /* SceneDelegate.swift */; };
		613D86A22C05BFF90039E771 /* Assets.xcassets in Resources */ = {isa = PBXBuildFile; fileRef = 613D86A12C05BFF90039E771 /* Assets.xcassets */; };
		613D86A52C05BFF90039E771 /* Base in Resources */ = {isa = PBXBuildFile; fileRef = 613D86A42C05BFF90039E771 /* Base */; };
		613D86B82C05C0DC0039E771 /* SnapKit in Frameworks */ = {isa = PBXBuildFile; productRef = 613D86B72C05C0DC0039E771 /* SnapKit */; };
		617357192C12AD540007B92A /* Message.swift in Sources */ = {isa = PBXBuildFile; fileRef = 617357182C12AD540007B92A /* Message.swift */; };
		6173571F2C12AE470007B92A /* FirebaseMessaging in Frameworks */ = {isa = PBXBuildFile; productRef = 6173571E2C12AE470007B92A /* FirebaseMessaging */; };
		617357262C1364940007B92A /* ReviewModel.swift in Sources */ = {isa = PBXBuildFile; fileRef = 617357252C1364940007B92A /* ReviewModel.swift */; };
		617357292C137A3F0007B92A /* Constants.swift in Sources */ = {isa = PBXBuildFile; fileRef = 617357282C137A3F0007B92A /* Constants.swift */; };
		6173572C2C137B500007B92A /* ReviewViewModel.swift in Sources */ = {isa = PBXBuildFile; fileRef = 6173572B2C137B500007B92A /* ReviewViewModel.swift */; };
		6173572F2C1383C00007B92A /* YPImagePicker in Frameworks */ = {isa = PBXBuildFile; productRef = 6173572E2C1383C00007B92A /* YPImagePicker */; };
		617BCCBA2C1912CD008D8D48 /* GreetingBottomView.swift in Sources */ = {isa = PBXBuildFile; fileRef = 617BCCB92C1912CD008D8D48 /* GreetingBottomView.swift */; };
		617BCCBC2C191897008D8D48 /* ManageViewController.swift in Sources */ = {isa = PBXBuildFile; fileRef = 617BCCBB2C191897008D8D48 /* ManageViewController.swift */; };
		617BCCBF2C195CAB008D8D48 /* ManageView.swift in Sources */ = {isa = PBXBuildFile; fileRef = 617BCCBE2C195CAB008D8D48 /* ManageView.swift */; };
		617BCCC22C195E24008D8D48 /* ManageViewModel.swift in Sources */ = {isa = PBXBuildFile; fileRef = 617BCCC12C195E24008D8D48 /* ManageViewModel.swift */; };
		617BCCC42C195E4B008D8D48 /* ManageManager.swift in Sources */ = {isa = PBXBuildFile; fileRef = 617BCCC32C195E4B008D8D48 /* ManageManager.swift */; };
		617BCCC62C19699C008D8D48 /* ManageTableViewCell.swift in Sources */ = {isa = PBXBuildFile; fileRef = 617BCCC52C19699C008D8D48 /* ManageTableViewCell.swift */; };
		617BCCC92C1982CC008D8D48 /* DiffableSectionModel.swift in Sources */ = {isa = PBXBuildFile; fileRef = 617BCCC82C1982CC008D8D48 /* DiffableSectionModel.swift */; };
		618DEE062C12516A006B95A8 /* UserManager.swift in Sources */ = {isa = PBXBuildFile; fileRef = 618DEE052C12516A006B95A8 /* UserManager.swift */; };
		618DEE092C125D9D006B95A8 /* Kingfisher in Frameworks */ = {isa = PBXBuildFile; productRef = 618DEE082C125D9D006B95A8 /* Kingfisher */; };
		619D771A2C085EC80043EF82 /* GreetingViewController.swift in Sources */ = {isa = PBXBuildFile; fileRef = 619D77192C085EC80043EF82 /* GreetingViewController.swift */; };
		619FE8EC2C1F147F00745A0A /* ReportModel.swift in Sources */ = {isa = PBXBuildFile; fileRef = 619FE8EB2C1F147F00745A0A /* ReportModel.swift */; };
		619FE8F02C1F183300745A0A /* ReportViewModel.swift in Sources */ = {isa = PBXBuildFile; fileRef = 619FE8EF2C1F183300745A0A /* ReportViewModel.swift */; };
		61AB7EF62C1E60FD00C51ECA /* CustomTextField.swift in Sources */ = {isa = PBXBuildFile; fileRef = 61AB7EF52C1E60FD00C51ECA /* CustomTextField.swift */; };
		61AB7EF82C1E745200C51ECA /* CustomTextView.swift in Sources */ = {isa = PBXBuildFile; fileRef = 61AB7EF72C1E745200C51ECA /* CustomTextView.swift */; };
		61DAC4E02C05C3A700DFC575 /* MapViewController.swift in Sources */ = {isa = PBXBuildFile; fileRef = 61DAC4DF2C05C3A700DFC575 /* MapViewController.swift */; };
		61DAC4E22C05C3C100DFC575 /* CommunityViewController.swift in Sources */ = {isa = PBXBuildFile; fileRef = 61DAC4E12C05C3C100DFC575 /* CommunityViewController.swift */; };
		61DAC4E42C05C3CF00DFC575 /* MyPageViewController.swift in Sources */ = {isa = PBXBuildFile; fileRef = 61DAC4E32C05C3CF00DFC575 /* MyPageViewController.swift */; };
		61DAC4EA2C05C7D800DFC575 /* KakaoSDK in Frameworks */ = {isa = PBXBuildFile; productRef = 61DAC4E92C05C7D800DFC575 /* KakaoSDK */; };
		61DAC4EC2C05C7D800DFC575 /* KakaoSDKAuth in Frameworks */ = {isa = PBXBuildFile; productRef = 61DAC4EB2C05C7D800DFC575 /* KakaoSDKAuth */; };
		61DAC4EE2C05C7D800DFC575 /* KakaoSDKUser in Frameworks */ = {isa = PBXBuildFile; productRef = 61DAC4ED2C05C7D800DFC575 /* KakaoSDKUser */; };
		61DAC4F12C05C80F00DFC575 /* GoogleSignIn in Frameworks */ = {isa = PBXBuildFile; productRef = 61DAC4F02C05C80F00DFC575 /* GoogleSignIn */; };
		61DAC4F62C06B57500DFC575 /* FirebaseAnalytics in Frameworks */ = {isa = PBXBuildFile; productRef = 61DAC4F52C06B57500DFC575 /* FirebaseAnalytics */; };
		61DAC4F82C06B57500DFC575 /* FirebaseAuth in Frameworks */ = {isa = PBXBuildFile; productRef = 61DAC4F72C06B57500DFC575 /* FirebaseAuth */; };
		61DAC4FA2C06B57500DFC575 /* FirebaseDatabase in Frameworks */ = {isa = PBXBuildFile; productRef = 61DAC4F92C06B57500DFC575 /* FirebaseDatabase */; };
		61DAC4FC2C06B57500DFC575 /* FirebaseFirestore in Frameworks */ = {isa = PBXBuildFile; productRef = 61DAC4FB2C06B57500DFC575 /* FirebaseFirestore */; };
		61DAC4FE2C06B57500DFC575 /* FirebaseStorage in Frameworks */ = {isa = PBXBuildFile; productRef = 61DAC4FD2C06B57500DFC575 /* FirebaseStorage */; };
		61DAC5002C06CCB000DFC575 /* Secret.swift in Sources */ = {isa = PBXBuildFile; fileRef = 61DAC4FF2C06CCB000DFC575 /* Secret.swift */; };
		61DC69072C15CC38003DEB73 /* StoreManager.swift in Sources */ = {isa = PBXBuildFile; fileRef = 61DC69062C15CC38003DEB73 /* StoreManager.swift */; };
		61DC69092C16A7EF003DEB73 /* UIViewController+Extension.swift in Sources */ = {isa = PBXBuildFile; fileRef = 61DC69082C16A7EF003DEB73 /* UIViewController+Extension.swift */; };
		61ECFE852C21141F0067B1E1 /* GoogleService-Info.plist in Resources */ = {isa = PBXBuildFile; fileRef = 61ECFE842C21141F0067B1E1 /* GoogleService-Info.plist */; };
		8D1410012C12BF900062E527 /* UIResponder+Extension.swift in Sources */ = {isa = PBXBuildFile; fileRef = 8D1410002C12BF900062E527 /* UIResponder+Extension.swift */; };
		8D2E862D2C1AD5DD00967B13 /* BookmarkViewModel.swift in Sources */ = {isa = PBXBuildFile; fileRef = 8D2E862C2C1AD5DD00967B13 /* BookmarkViewModel.swift */; };
		8D2E862F2C1B2D7000967B13 /* BookmarkList.swift in Sources */ = {isa = PBXBuildFile; fileRef = 8D2E862E2C1B2D7000967B13 /* BookmarkList.swift */; };
		8D3BA8412C15D5F1007597F2 /* SettingViewController.swift in Sources */ = {isa = PBXBuildFile; fileRef = 8D3BA8402C15D5F1007597F2 /* SettingViewController.swift */; };
		8D580A302C0826B40057D370 /* ThemeFont.swift in Sources */ = {isa = PBXBuildFile; fileRef = 8D580A2F2C0826B40057D370 /* ThemeFont.swift */; };
		8D580A472C082AB60057D370 /* Pretendard-Medium.ttf in Resources */ = {isa = PBXBuildFile; fileRef = 8D580A422C082AB50057D370 /* Pretendard-Medium.ttf */; };
		8D580A482C082AB60057D370 /* Pretendard-Black.ttf in Resources */ = {isa = PBXBuildFile; fileRef = 8D580A432C082AB50057D370 /* Pretendard-Black.ttf */; };
		8D580A492C082AB60057D370 /* Pretendard-Regular.ttf in Resources */ = {isa = PBXBuildFile; fileRef = 8D580A442C082AB50057D370 /* Pretendard-Regular.ttf */; };
		8D580A4A2C082AB60057D370 /* Pretendard-ExtraLight.ttf in Resources */ = {isa = PBXBuildFile; fileRef = 8D580A452C082AB50057D370 /* Pretendard-ExtraLight.ttf */; };
		8D580A4B2C082AB60057D370 /* Pretendard-Bold.ttf in Resources */ = {isa = PBXBuildFile; fileRef = 8D580A462C082AB60057D370 /* Pretendard-Bold.ttf */; };
		8D580A4D2C08767F0057D370 /* MyScrapViewController.swift in Sources */ = {isa = PBXBuildFile; fileRef = 8D580A4C2C08767F0057D370 /* MyScrapViewController.swift */; };
		8D580A4F2C0893A40057D370 /* ScrapList.swift in Sources */ = {isa = PBXBuildFile; fileRef = 8D580A4E2C0893A40057D370 /* ScrapList.swift */; };
		8D580A512C08AAF70057D370 /* ScrapCell.swift in Sources */ = {isa = PBXBuildFile; fileRef = 8D580A502C08AAF70057D370 /* ScrapCell.swift */; };
		8D580A532C08C8420057D370 /* MyReviewViewController.swift in Sources */ = {isa = PBXBuildFile; fileRef = 8D580A522C08C8420057D370 /* MyReviewViewController.swift */; };
		8D60C7AD2C105EFC00CAFD0C /* StoreViewController.swift in Sources */ = {isa = PBXBuildFile; fileRef = 8D60C7AC2C105EFC00CAFD0C /* StoreViewController.swift */; };
		8D78CDE02C0E077D00051D50 /* WriteViewController.swift in Sources */ = {isa = PBXBuildFile; fileRef = 8D78CDDF2C0E077D00051D50 /* WriteViewController.swift */; };
		8D899FE02C1C3F0500FEBE77 /* BookmarkCell.swift in Sources */ = {isa = PBXBuildFile; fileRef = 8D899FDF2C1C3F0500FEBE77 /* BookmarkCell.swift */; };
		8D9A305A2C180D99004E7F1B /* ScrapViewModel.swift in Sources */ = {isa = PBXBuildFile; fileRef = 8D9A30592C180D99004E7F1B /* ScrapViewModel.swift */; };
		8DA4C3822C09BFA8008AB975 /* Review.swift in Sources */ = {isa = PBXBuildFile; fileRef = 8DA4C3812C09BFA8008AB975 /* Review.swift */; };
		8DA4C3842C0A0ACF008AB975 /* ReviewCell.swift in Sources */ = {isa = PBXBuildFile; fileRef = 8DA4C3832C0A0ACF008AB975 /* ReviewCell.swift */; };
		8DB30F1E2C076AE900503139 /* MyPageCollectionViewCell.swift in Sources */ = {isa = PBXBuildFile; fileRef = 8DB30F1D2C076AE900503139 /* MyPageCollectionViewCell.swift */; };
		8DB30F212C076B8B00503139 /* MyPageModel.swift in Sources */ = {isa = PBXBuildFile; fileRef = 8DB30F202C076B8B00503139 /* MyPageModel.swift */; };
		8DB30F242C07700E00503139 /* UIColor+Extension.swift in Sources */ = {isa = PBXBuildFile; fileRef = 8DB30F232C07700E00503139 /* UIColor+Extension.swift */; };
		8DB30F272C07705D00503139 /* ThemeColor.swift in Sources */ = {isa = PBXBuildFile; fileRef = 8DB30F262C07705D00503139 /* ThemeColor.swift */; };
		8DB30F2B2C07731400503139 /* MyPageView.swift in Sources */ = {isa = PBXBuildFile; fileRef = 8DB30F2A2C07731400503139 /* MyPageView.swift */; };
		8DB30F2E2C07767100503139 /* MyPageViewModel.swift in Sources */ = {isa = PBXBuildFile; fileRef = 8DB30F2D2C07767100503139 /* MyPageViewModel.swift */; };
		8DB30F302C07771400503139 /* MyPageSection.swift in Sources */ = {isa = PBXBuildFile; fileRef = 8DB30F2F2C07771400503139 /* MyPageSection.swift */; };
		8DB30F322C07794E00503139 /* PersonalInfoViewController.swift in Sources */ = {isa = PBXBuildFile; fileRef = 8DB30F312C07794E00503139 /* PersonalInfoViewController.swift */; };
		8DD5CBB72C107BFD004F27BD /* ReviewTableViewCell.swift in Sources */ = {isa = PBXBuildFile; fileRef = 8DD5CBB62C107BFD004F27BD /* ReviewTableViewCell.swift */; };
		8DD5CBB92C107C82004F27BD /* DetailedReviewViewController.swift in Sources */ = {isa = PBXBuildFile; fileRef = 8DD5CBB82C107C82004F27BD /* DetailedReviewViewController.swift */; };
		9C82B94F2C0F2D27008FA84E /* NetworkManager.swift in Sources */ = {isa = PBXBuildFile; fileRef = 9C82B94E2C0F2D27008FA84E /* NetworkManager.swift */; };
		9C82B9512C0F2D55008FA84E /* ResponseStore.swift in Sources */ = {isa = PBXBuildFile; fileRef = 9C82B9502C0F2D55008FA84E /* ResponseStore.swift */; };
		9C82B9552C0F3046008FA84E /* PinStoreView.swift in Sources */ = {isa = PBXBuildFile; fileRef = 9C82B9542C0F3046008FA84E /* PinStoreView.swift */; };
		9C82B9572C0F31A0008FA84E /* MapViewModel.swift in Sources */ = {isa = PBXBuildFile; fileRef = 9C82B9562C0F31A0008FA84E /* MapViewModel.swift */; };
		9C82B9592C0F31D0008FA84E /* MapView.swift in Sources */ = {isa = PBXBuildFile; fileRef = 9C82B9582C0F31D0008FA84E /* MapView.swift */; };
		9C82B95B2C0F54D7008FA84E /* Double+Extension.swift in Sources */ = {isa = PBXBuildFile; fileRef = 9C82B95A2C0F54D7008FA84E /* Double+Extension.swift */; };
		9CC6D3182C206BD6004C85D8 /* PinStoreModel.swift in Sources */ = {isa = PBXBuildFile; fileRef = 9CC6D3172C206BD6004C85D8 /* PinStoreModel.swift */; };
		CE3F36322C08463700532901 /* VerticalCardSwiper in Frameworks */ = {isa = PBXBuildFile; productRef = CE3F36312C08463700532901 /* VerticalCardSwiper */; };
		CE3F36352C08469700532901 /* RecommendCardView.swift in Sources */ = {isa = PBXBuildFile; fileRef = CE3F36342C08469700532901 /* RecommendCardView.swift */; };
		CE3F36382C0846C800532901 /* RecommendModel.swift in Sources */ = {isa = PBXBuildFile; fileRef = CE3F36372C0846C800532901 /* RecommendModel.swift */; };
		CE3F363A2C08474700532901 /* RecommendViewController.swift in Sources */ = {isa = PBXBuildFile; fileRef = CE3F36392C08474700532901 /* RecommendViewController.swift */; };
		CE3F36422C1036D700532901 /* DetailViewController.swift in Sources */ = {isa = PBXBuildFile; fileRef = CE3F36412C1036D700532901 /* DetailViewController.swift */; };
		CE3F36472C14286400532901 /* SkeletonView in Frameworks */ = {isa = PBXBuildFile; productRef = CE3F36462C14286400532901 /* SkeletonView */; };
		CE4004102C1D1D46009E1142 /* DetailCollectionViewCell.swift in Sources */ = {isa = PBXBuildFile; fileRef = CE40040F2C1D1D46009E1142 /* DetailCollectionViewCell.swift */; };
		CE4004122C1D1EED009E1142 /* CustomAlertViewController.swift in Sources */ = {isa = PBXBuildFile; fileRef = CE4004112C1D1EED009E1142 /* CustomAlertViewController.swift */; };
/* End PBXBuildFile section */

/* Begin PBXFileReference section */
		25CCA3AE2C1AD8A1008F81A3 /* CommunityTableViewCell.swift */ = {isa = PBXFileReference; lastKnownFileType = sourcecode.swift; path = CommunityTableViewCell.swift; sourceTree = "<group>"; };
		25CCA3B02C1ADA38008F81A3 /* CommunityTableViewCellSelf.swift */ = {isa = PBXFileReference; lastKnownFileType = sourcecode.swift; path = CommunityTableViewCellSelf.swift; sourceTree = "<group>"; };
		25CCA3B22C1ADB2D008F81A3 /* CommunityData.swift */ = {isa = PBXFileReference; lastKnownFileType = sourcecode.swift; path = CommunityData.swift; sourceTree = "<group>"; };
		25CCA3B52C1ADE75008F81A3 /* CommunityChattingViewController.swift */ = {isa = PBXFileReference; lastKnownFileType = sourcecode.swift; path = CommunityChattingViewController.swift; sourceTree = "<group>"; };
		25CCA3B72C1AE272008F81A3 /* CommunityLocalTableViewCell.swift */ = {isa = PBXFileReference; lastKnownFileType = sourcecode.swift; path = CommunityLocalTableViewCell.swift; sourceTree = "<group>"; };
		610717A62C21364600626649 /* AuthKey_RS7QZ647UQ_public.p8 */ = {isa = PBXFileReference; fileEncoding = 4; lastKnownFileType = text; path = AuthKey_RS7QZ647UQ_public.p8; sourceTree = "<group>"; };
		610717A82C2137F600626649 /* AppleTokenResponse.swift */ = {isa = PBXFileReference; lastKnownFileType = sourcecode.swift; path = AppleTokenResponse.swift; sourceTree = "<group>"; };
		610717AA2C213D5C00626649 /* AuthKey_RS7QZ647UQ.p8 */ = {isa = PBXFileReference; fileEncoding = 4; lastKnownFileType = text; path = AuthKey_RS7QZ647UQ.p8; sourceTree = "<group>"; };
		610717AC2C2156B200626649 /* PrivacyInfo.xcprivacy */ = {isa = PBXFileReference; lastKnownFileType = text.xml; path = PrivacyInfo.xcprivacy; sourceTree = "<group>"; };
		611578CF2C0DCAAB0096BC43 /* UserModel.swift */ = {isa = PBXFileReference; lastKnownFileType = sourcecode.swift; path = UserModel.swift; sourceTree = "<group>"; };
		611616792C1BD7A3008A2FA2 /* RecommendViewModel.swift */ = {isa = PBXFileReference; fileEncoding = 4; lastKnownFileType = sourcecode.swift; path = RecommendViewModel.swift; sourceTree = "<group>"; };
		6116167D2C1C218B008A2FA2 /* ReportViewController.swift */ = {isa = PBXFileReference; lastKnownFileType = sourcecode.swift; path = ReportViewController.swift; sourceTree = "<group>"; };
		6116442F2C08FFFC009FFDA5 /* GreetingHeaderView.swift */ = {isa = PBXFileReference; lastKnownFileType = sourcecode.swift; path = GreetingHeaderView.swift; sourceTree = "<group>"; };
		611644312C09000F009FFDA5 /* GreetingBodyView.swift */ = {isa = PBXFileReference; lastKnownFileType = sourcecode.swift; path = GreetingBodyView.swift; sourceTree = "<group>"; };
		611644342C09039F009FFDA5 /* SignViewModel.swift */ = {isa = PBXFileReference; lastKnownFileType = sourcecode.swift; path = SignViewModel.swift; sourceTree = "<group>"; };
		611644372C0909D4009FFDA5 /* SignManager.swift */ = {isa = PBXFileReference; lastKnownFileType = sourcecode.swift; path = SignManager.swift; sourceTree = "<group>"; };
		611644392C0922F0009FFDA5 /* TteoPpoKki4U.entitlements */ = {isa = PBXFileReference; lastKnownFileType = text.plist.entitlements; path = TteoPpoKki4U.entitlements; sourceTree = "<group>"; };
		613D86952C05BFF80039E771 /* TteoPpoKki4U.app */ = {isa = PBXFileReference; explicitFileType = wrapper.application; includeInIndex = 0; path = TteoPpoKki4U.app; sourceTree = BUILT_PRODUCTS_DIR; };
		613D86982C05BFF80039E771 /* AppDelegate.swift */ = {isa = PBXFileReference; lastKnownFileType = sourcecode.swift; path = AppDelegate.swift; sourceTree = "<group>"; };
		613D869A2C05BFF80039E771 /* SceneDelegate.swift */ = {isa = PBXFileReference; lastKnownFileType = sourcecode.swift; path = SceneDelegate.swift; sourceTree = "<group>"; };
		613D86A12C05BFF90039E771 /* Assets.xcassets */ = {isa = PBXFileReference; lastKnownFileType = folder.assetcatalog; path = Assets.xcassets; sourceTree = "<group>"; };
		613D86A42C05BFF90039E771 /* Base */ = {isa = PBXFileReference; lastKnownFileType = file.storyboard; name = Base; path = Base.lproj/LaunchScreen.storyboard; sourceTree = "<group>"; };
		613D86A62C05BFF90039E771 /* Info.plist */ = {isa = PBXFileReference; lastKnownFileType = text.plist.xml; path = Info.plist; sourceTree = "<group>"; };
		617357182C12AD540007B92A /* Message.swift */ = {isa = PBXFileReference; lastKnownFileType = sourcecode.swift; path = Message.swift; sourceTree = "<group>"; };
		617357252C1364940007B92A /* ReviewModel.swift */ = {isa = PBXFileReference; lastKnownFileType = sourcecode.swift; path = ReviewModel.swift; sourceTree = "<group>"; };
		617357282C137A3F0007B92A /* Constants.swift */ = {isa = PBXFileReference; lastKnownFileType = sourcecode.swift; path = Constants.swift; sourceTree = "<group>"; };
		6173572B2C137B500007B92A /* ReviewViewModel.swift */ = {isa = PBXFileReference; lastKnownFileType = sourcecode.swift; path = ReviewViewModel.swift; sourceTree = "<group>"; };
		617BCCB92C1912CD008D8D48 /* GreetingBottomView.swift */ = {isa = PBXFileReference; lastKnownFileType = sourcecode.swift; path = GreetingBottomView.swift; sourceTree = "<group>"; };
		617BCCBB2C191897008D8D48 /* ManageViewController.swift */ = {isa = PBXFileReference; lastKnownFileType = sourcecode.swift; path = ManageViewController.swift; sourceTree = "<group>"; };
		617BCCBE2C195CAB008D8D48 /* ManageView.swift */ = {isa = PBXFileReference; lastKnownFileType = sourcecode.swift; path = ManageView.swift; sourceTree = "<group>"; };
		617BCCC12C195E24008D8D48 /* ManageViewModel.swift */ = {isa = PBXFileReference; lastKnownFileType = sourcecode.swift; path = ManageViewModel.swift; sourceTree = "<group>"; };
		617BCCC32C195E4B008D8D48 /* ManageManager.swift */ = {isa = PBXFileReference; lastKnownFileType = sourcecode.swift; path = ManageManager.swift; sourceTree = "<group>"; };
		617BCCC52C19699C008D8D48 /* ManageTableViewCell.swift */ = {isa = PBXFileReference; lastKnownFileType = sourcecode.swift; path = ManageTableViewCell.swift; sourceTree = "<group>"; };
		617BCCC82C1982CC008D8D48 /* DiffableSectionModel.swift */ = {isa = PBXFileReference; lastKnownFileType = sourcecode.swift; path = DiffableSectionModel.swift; sourceTree = "<group>"; };
		618DEE052C12516A006B95A8 /* UserManager.swift */ = {isa = PBXFileReference; lastKnownFileType = sourcecode.swift; path = UserManager.swift; sourceTree = "<group>"; };
		619D77192C085EC80043EF82 /* GreetingViewController.swift */ = {isa = PBXFileReference; lastKnownFileType = sourcecode.swift; path = GreetingViewController.swift; sourceTree = "<group>"; };
		619FE8EB2C1F147F00745A0A /* ReportModel.swift */ = {isa = PBXFileReference; lastKnownFileType = sourcecode.swift; path = ReportModel.swift; sourceTree = "<group>"; };
		619FE8EF2C1F183300745A0A /* ReportViewModel.swift */ = {isa = PBXFileReference; lastKnownFileType = sourcecode.swift; path = ReportViewModel.swift; sourceTree = "<group>"; };
		61AB7EF52C1E60FD00C51ECA /* CustomTextField.swift */ = {isa = PBXFileReference; lastKnownFileType = sourcecode.swift; path = CustomTextField.swift; sourceTree = "<group>"; };
		61AB7EF72C1E745200C51ECA /* CustomTextView.swift */ = {isa = PBXFileReference; lastKnownFileType = sourcecode.swift; path = CustomTextView.swift; sourceTree = "<group>"; };
		61DAC4DF2C05C3A700DFC575 /* MapViewController.swift */ = {isa = PBXFileReference; lastKnownFileType = sourcecode.swift; path = MapViewController.swift; sourceTree = "<group>"; };
		61DAC4E12C05C3C100DFC575 /* CommunityViewController.swift */ = {isa = PBXFileReference; lastKnownFileType = sourcecode.swift; path = CommunityViewController.swift; sourceTree = "<group>"; };
		61DAC4E32C05C3CF00DFC575 /* MyPageViewController.swift */ = {isa = PBXFileReference; lastKnownFileType = sourcecode.swift; path = MyPageViewController.swift; sourceTree = "<group>"; };
		61DAC4FF2C06CCB000DFC575 /* Secret.swift */ = {isa = PBXFileReference; lastKnownFileType = sourcecode.swift; path = Secret.swift; sourceTree = "<group>"; };
		61DC69062C15CC38003DEB73 /* StoreManager.swift */ = {isa = PBXFileReference; lastKnownFileType = sourcecode.swift; path = StoreManager.swift; sourceTree = "<group>"; };
		61DC69082C16A7EF003DEB73 /* UIViewController+Extension.swift */ = {isa = PBXFileReference; lastKnownFileType = sourcecode.swift; path = "UIViewController+Extension.swift"; sourceTree = "<group>"; };
		61ECFE842C21141F0067B1E1 /* GoogleService-Info.plist */ = {isa = PBXFileReference; fileEncoding = 4; lastKnownFileType = text.plist.xml; path = "GoogleService-Info.plist"; sourceTree = "<group>"; };
		8D1410002C12BF900062E527 /* UIResponder+Extension.swift */ = {isa = PBXFileReference; lastKnownFileType = sourcecode.swift; path = "UIResponder+Extension.swift"; sourceTree = "<group>"; };
		8D2E862C2C1AD5DD00967B13 /* BookmarkViewModel.swift */ = {isa = PBXFileReference; lastKnownFileType = sourcecode.swift; path = BookmarkViewModel.swift; sourceTree = "<group>"; };
		8D2E862E2C1B2D7000967B13 /* BookmarkList.swift */ = {isa = PBXFileReference; lastKnownFileType = sourcecode.swift; path = BookmarkList.swift; sourceTree = "<group>"; };
		8D3BA8402C15D5F1007597F2 /* SettingViewController.swift */ = {isa = PBXFileReference; lastKnownFileType = sourcecode.swift; path = SettingViewController.swift; sourceTree = "<group>"; };
		8D580A2F2C0826B40057D370 /* ThemeFont.swift */ = {isa = PBXFileReference; lastKnownFileType = sourcecode.swift; path = ThemeFont.swift; sourceTree = "<group>"; };
		8D580A422C082AB50057D370 /* Pretendard-Medium.ttf */ = {isa = PBXFileReference; lastKnownFileType = file; path = "Pretendard-Medium.ttf"; sourceTree = "<group>"; };
		8D580A432C082AB50057D370 /* Pretendard-Black.ttf */ = {isa = PBXFileReference; lastKnownFileType = file; path = "Pretendard-Black.ttf"; sourceTree = "<group>"; };
		8D580A442C082AB50057D370 /* Pretendard-Regular.ttf */ = {isa = PBXFileReference; lastKnownFileType = file; path = "Pretendard-Regular.ttf"; sourceTree = "<group>"; };
		8D580A452C082AB50057D370 /* Pretendard-ExtraLight.ttf */ = {isa = PBXFileReference; lastKnownFileType = file; path = "Pretendard-ExtraLight.ttf"; sourceTree = "<group>"; };
		8D580A462C082AB60057D370 /* Pretendard-Bold.ttf */ = {isa = PBXFileReference; lastKnownFileType = file; path = "Pretendard-Bold.ttf"; sourceTree = "<group>"; };
		8D580A4C2C08767F0057D370 /* MyScrapViewController.swift */ = {isa = PBXFileReference; lastKnownFileType = sourcecode.swift; path = MyScrapViewController.swift; sourceTree = "<group>"; };
		8D580A4E2C0893A40057D370 /* ScrapList.swift */ = {isa = PBXFileReference; lastKnownFileType = sourcecode.swift; path = ScrapList.swift; sourceTree = "<group>"; };
		8D580A502C08AAF70057D370 /* ScrapCell.swift */ = {isa = PBXFileReference; lastKnownFileType = sourcecode.swift; path = ScrapCell.swift; sourceTree = "<group>"; };
		8D580A522C08C8420057D370 /* MyReviewViewController.swift */ = {isa = PBXFileReference; lastKnownFileType = sourcecode.swift; path = MyReviewViewController.swift; sourceTree = "<group>"; };
		8D60C7AC2C105EFC00CAFD0C /* StoreViewController.swift */ = {isa = PBXFileReference; lastKnownFileType = sourcecode.swift; path = StoreViewController.swift; sourceTree = "<group>"; };
		8D78CDDF2C0E077D00051D50 /* WriteViewController.swift */ = {isa = PBXFileReference; lastKnownFileType = sourcecode.swift; path = WriteViewController.swift; sourceTree = "<group>"; };
		8D899FDF2C1C3F0500FEBE77 /* BookmarkCell.swift */ = {isa = PBXFileReference; lastKnownFileType = sourcecode.swift; path = BookmarkCell.swift; sourceTree = "<group>"; };
		8D9A30592C180D99004E7F1B /* ScrapViewModel.swift */ = {isa = PBXFileReference; lastKnownFileType = sourcecode.swift; path = ScrapViewModel.swift; sourceTree = "<group>"; };
		8DA4C3812C09BFA8008AB975 /* Review.swift */ = {isa = PBXFileReference; lastKnownFileType = sourcecode.swift; path = Review.swift; sourceTree = "<group>"; };
		8DA4C3832C0A0ACF008AB975 /* ReviewCell.swift */ = {isa = PBXFileReference; lastKnownFileType = sourcecode.swift; path = ReviewCell.swift; sourceTree = "<group>"; };
		8DB30F1D2C076AE900503139 /* MyPageCollectionViewCell.swift */ = {isa = PBXFileReference; lastKnownFileType = sourcecode.swift; path = MyPageCollectionViewCell.swift; sourceTree = "<group>"; };
		8DB30F202C076B8B00503139 /* MyPageModel.swift */ = {isa = PBXFileReference; lastKnownFileType = sourcecode.swift; path = MyPageModel.swift; sourceTree = "<group>"; };
		8DB30F232C07700E00503139 /* UIColor+Extension.swift */ = {isa = PBXFileReference; lastKnownFileType = sourcecode.swift; path = "UIColor+Extension.swift"; sourceTree = "<group>"; };
		8DB30F262C07705D00503139 /* ThemeColor.swift */ = {isa = PBXFileReference; lastKnownFileType = sourcecode.swift; path = ThemeColor.swift; sourceTree = "<group>"; };
		8DB30F2A2C07731400503139 /* MyPageView.swift */ = {isa = PBXFileReference; lastKnownFileType = sourcecode.swift; path = MyPageView.swift; sourceTree = "<group>"; };
		8DB30F2D2C07767100503139 /* MyPageViewModel.swift */ = {isa = PBXFileReference; lastKnownFileType = sourcecode.swift; path = MyPageViewModel.swift; sourceTree = "<group>"; };
		8DB30F2F2C07771400503139 /* MyPageSection.swift */ = {isa = PBXFileReference; lastKnownFileType = sourcecode.swift; path = MyPageSection.swift; sourceTree = "<group>"; };
		8DB30F312C07794E00503139 /* PersonalInfoViewController.swift */ = {isa = PBXFileReference; lastKnownFileType = sourcecode.swift; path = PersonalInfoViewController.swift; sourceTree = "<group>"; };
		8DD5CBB62C107BFD004F27BD /* ReviewTableViewCell.swift */ = {isa = PBXFileReference; lastKnownFileType = sourcecode.swift; path = ReviewTableViewCell.swift; sourceTree = "<group>"; };
		8DD5CBB82C107C82004F27BD /* DetailedReviewViewController.swift */ = {isa = PBXFileReference; lastKnownFileType = sourcecode.swift; path = DetailedReviewViewController.swift; sourceTree = "<group>"; };
		9C82B94E2C0F2D27008FA84E /* NetworkManager.swift */ = {isa = PBXFileReference; fileEncoding = 4; lastKnownFileType = sourcecode.swift; name = NetworkManager.swift; path = TteoPpoKki4U/Service/NetworkManager.swift; sourceTree = SOURCE_ROOT; };
		9C82B9502C0F2D55008FA84E /* ResponseStore.swift */ = {isa = PBXFileReference; fileEncoding = 4; lastKnownFileType = sourcecode.swift; path = ResponseStore.swift; sourceTree = "<group>"; };
		9C82B9542C0F3046008FA84E /* PinStoreView.swift */ = {isa = PBXFileReference; lastKnownFileType = sourcecode.swift; path = PinStoreView.swift; sourceTree = "<group>"; };
		9C82B9562C0F31A0008FA84E /* MapViewModel.swift */ = {isa = PBXFileReference; fileEncoding = 4; lastKnownFileType = sourcecode.swift; name = MapViewModel.swift; path = TteoPpoKki4U/ViewModel/Map/MapViewModel.swift; sourceTree = SOURCE_ROOT; };
		9C82B9582C0F31D0008FA84E /* MapView.swift */ = {isa = PBXFileReference; fileEncoding = 4; lastKnownFileType = sourcecode.swift; name = MapView.swift; path = TteoPpoKki4U/View/Map/MapView.swift; sourceTree = SOURCE_ROOT; };
		9C82B95A2C0F54D7008FA84E /* Double+Extension.swift */ = {isa = PBXFileReference; lastKnownFileType = sourcecode.swift; path = "Double+Extension.swift"; sourceTree = "<group>"; };
		9CC6D3172C206BD6004C85D8 /* PinStoreModel.swift */ = {isa = PBXFileReference; lastKnownFileType = sourcecode.swift; path = PinStoreModel.swift; sourceTree = "<group>"; };
		CE3F36342C08469700532901 /* RecommendCardView.swift */ = {isa = PBXFileReference; lastKnownFileType = sourcecode.swift; path = RecommendCardView.swift; sourceTree = "<group>"; };
		CE3F36372C0846C800532901 /* RecommendModel.swift */ = {isa = PBXFileReference; lastKnownFileType = sourcecode.swift; path = RecommendModel.swift; sourceTree = "<group>"; };
		CE3F36392C08474700532901 /* RecommendViewController.swift */ = {isa = PBXFileReference; lastKnownFileType = sourcecode.swift; path = RecommendViewController.swift; sourceTree = "<group>"; };
		CE3F36412C1036D700532901 /* DetailViewController.swift */ = {isa = PBXFileReference; lastKnownFileType = sourcecode.swift; path = DetailViewController.swift; sourceTree = "<group>"; };
		CE40040F2C1D1D46009E1142 /* DetailCollectionViewCell.swift */ = {isa = PBXFileReference; lastKnownFileType = sourcecode.swift; path = DetailCollectionViewCell.swift; sourceTree = "<group>"; };
		CE4004112C1D1EED009E1142 /* CustomAlertViewController.swift */ = {isa = PBXFileReference; lastKnownFileType = sourcecode.swift; path = CustomAlertViewController.swift; sourceTree = "<group>"; };
/* End PBXFileReference section */

/* Begin PBXFrameworksBuildPhase section */
		613D86922C05BFF80039E771 /* Frameworks */ = {
			isa = PBXFrameworksBuildPhase;
			buildActionMask = 2147483647;
			files = (
				61DAC4F62C06B57500DFC575 /* FirebaseAnalytics in Frameworks */,
				6173572F2C1383C00007B92A /* YPImagePicker in Frameworks */,
				61395F3C2C14C7AD006E7EBD /* ProgressHUD in Frameworks */,
				6173571F2C12AE470007B92A /* FirebaseMessaging in Frameworks */,
				613D86B82C05C0DC0039E771 /* SnapKit in Frameworks */,
				61DAC4FC2C06B57500DFC575 /* FirebaseFirestore in Frameworks */,
				61DAC4EA2C05C7D800DFC575 /* KakaoSDK in Frameworks */,
				610717A32C2131A400626649 /* SwiftJWT in Frameworks */,
				61DAC4EE2C05C7D800DFC575 /* KakaoSDKUser in Frameworks */,
				61DAC4EC2C05C7D800DFC575 /* KakaoSDKAuth in Frameworks */,
				61DAC4FA2C06B57500DFC575 /* FirebaseDatabase in Frameworks */,
				CE3F36472C14286400532901 /* SkeletonView in Frameworks */,
				618DEE092C125D9D006B95A8 /* Kingfisher in Frameworks */,
				CE3F36322C08463700532901 /* VerticalCardSwiper in Frameworks */,
				61DAC4FE2C06B57500DFC575 /* FirebaseStorage in Frameworks */,
				61DAC4F12C05C80F00DFC575 /* GoogleSignIn in Frameworks */,
				61DAC4F82C06B57500DFC575 /* FirebaseAuth in Frameworks */,
			);
			runOnlyForDeploymentPostprocessing = 0;
		};
/* End PBXFrameworksBuildPhase section */

/* Begin PBXGroup section */
		25CCA3B42C1ADBFE008F81A3 /* Community */ = {
			isa = PBXGroup;
			children = (
				611EE67B2C20C0770096D903 /* Cell */,
				25CCA3B52C1ADE75008F81A3 /* CommunityChattingViewController.swift */,
				61DAC4E12C05C3C100DFC575 /* CommunityViewController.swift */,
			);
			path = Community;
			sourceTree = "<group>";
		};
		610717A02C2117B900626649 /* Map */ = {
			isa = PBXGroup;
			children = (
				9C82B9562C0F31A0008FA84E /* MapViewModel.swift */,
			);
			path = Map;
			sourceTree = "<group>";
		};
		611578CE2C0DCAA30096BC43 /* Sign */ = {
			isa = PBXGroup;
			children = (
				611578CF2C0DCAAB0096BC43 /* UserModel.swift */,
				610717A82C2137F600626649 /* AppleTokenResponse.swift */,
			);
			path = Sign;
			sourceTree = "<group>";
		};
		6116442E2C08FEF2009FFDA5 /* Sign */ = {
			isa = PBXGroup;
			children = (
				619D77192C085EC80043EF82 /* GreetingViewController.swift */,
				6116442F2C08FFFC009FFDA5 /* GreetingHeaderView.swift */,
				611644312C09000F009FFDA5 /* GreetingBodyView.swift */,
				617BCCB92C1912CD008D8D48 /* GreetingBottomView.swift */,
			);
			path = Sign;
			sourceTree = "<group>";
		};
		611644332C09038B009FFDA5 /* Sign */ = {
			isa = PBXGroup;
			children = (
				611644342C09039F009FFDA5 /* SignViewModel.swift */,
			);
			path = Sign;
			sourceTree = "<group>";
		};
		611644362C0909C4009FFDA5 /* Service */ = {
			isa = PBXGroup;
			children = (
				611644372C0909D4009FFDA5 /* SignManager.swift */,
				9C82B94E2C0F2D27008FA84E /* NetworkManager.swift */,
				618DEE052C12516A006B95A8 /* UserManager.swift */,
				61DC69062C15CC38003DEB73 /* StoreManager.swift */,
				617BCCC32C195E4B008D8D48 /* ManageManager.swift */,
			);
			path = Service;
			sourceTree = "<group>";
		};
		611EE6792C20BFD80096D903 /* Map */ = {
			isa = PBXGroup;
			children = (
				61DAC4DF2C05C3A700DFC575 /* MapViewController.swift */,
				9C82B9582C0F31D0008FA84E /* MapView.swift */,
				9C82B9542C0F3046008FA84E /* PinStoreView.swift */,
			);
			path = Map;
			sourceTree = "<group>";
		};
		611EE67A2C20C0680096D903 /* Community */ = {
			isa = PBXGroup;
			children = (
				25CCA3B22C1ADB2D008F81A3 /* CommunityData.swift */,
			);
			path = Community;
			sourceTree = "<group>";
		};
		611EE67B2C20C0770096D903 /* Cell */ = {
			isa = PBXGroup;
			children = (
				25CCA3B72C1AE272008F81A3 /* CommunityLocalTableViewCell.swift */,
				25CCA3AE2C1AD8A1008F81A3 /* CommunityTableViewCell.swift */,
				25CCA3B02C1ADA38008F81A3 /* CommunityTableViewCellSelf.swift */,
			);
			path = Cell;
			sourceTree = "<group>";
		};
		611EE67C2C20C0990096D903 /* Cell */ = {
			isa = PBXGroup;
			children = (
				617BCCC52C19699C008D8D48 /* ManageTableViewCell.swift */,
			);
			path = Cell;
			sourceTree = "<group>";
		};
		611EE67D2C20C0AB0096D903 /* Cell */ = {
			isa = PBXGroup;
			children = (
				CE40040F2C1D1D46009E1142 /* DetailCollectionViewCell.swift */,
			);
			path = Cell;
			sourceTree = "<group>";
		};
		611EE67E2C20C0BE0096D903 /* Cell */ = {
			isa = PBXGroup;
			children = (
				8DD5CBB62C107BFD004F27BD /* ReviewTableViewCell.swift */,
			);
			path = Cell;
			sourceTree = "<group>";
		};
		611EE67F2C20C0CC0096D903 /* Cell */ = {
			isa = PBXGroup;
			children = (
				8D580A502C08AAF70057D370 /* ScrapCell.swift */,
				8DB30F1D2C076AE900503139 /* MyPageCollectionViewCell.swift */,
				8D899FDF2C1C3F0500FEBE77 /* BookmarkCell.swift */,
				8DA4C3832C0A0ACF008AB975 /* ReviewCell.swift */,
			);
			path = Cell;
			sourceTree = "<group>";
		};
		613D868C2C05BFF80039E771 = {
			isa = PBXGroup;
			children = (
				613D86972C05BFF80039E771 /* TteoPpoKki4U */,
				613D86962C05BFF80039E771 /* Products */,
			);
			sourceTree = "<group>";
		};
		613D86962C05BFF80039E771 /* Products */ = {
			isa = PBXGroup;
			children = (
				613D86952C05BFF80039E771 /* TteoPpoKki4U.app */,
			);
			name = Products;
			sourceTree = "<group>";
		};
		613D86972C05BFF80039E771 /* TteoPpoKki4U */ = {
			isa = PBXGroup;
			children = (
				611644392C0922F0009FFDA5 /* TteoPpoKki4U.entitlements */,
				617357272C137A320007B92A /* ETC */,
				611644362C0909C4009FFDA5 /* Service */,
				8DB30F252C07704800503139 /* Config */,
				8DB30F222C076FEF00503139 /* Extension */,
				613D86AC2C05C0510039E771 /* Model */,
				613D86B32C05C08C0039E771 /* View */,
				613D86B02C05C06F0039E771 /* ViewModel */,
				613D869A2C05BFF80039E771 /* SceneDelegate.swift */,
				613D86982C05BFF80039E771 /* AppDelegate.swift */,
				613D86A12C05BFF90039E771 /* Assets.xcassets */,
				613D86A32C05BFF90039E771 /* LaunchScreen.storyboard */,
				613D86A62C05BFF90039E771 /* Info.plist */,
				61DAC4FF2C06CCB000DFC575 /* Secret.swift */,
				61ECFE842C21141F0067B1E1 /* GoogleService-Info.plist */,
				610717AA2C213D5C00626649 /* AuthKey_RS7QZ647UQ.p8 */,
				610717A62C21364600626649 /* AuthKey_RS7QZ647UQ_public.p8 */,
				610717AC2C2156B200626649 /* PrivacyInfo.xcprivacy */,
			);
			path = TteoPpoKki4U;
			sourceTree = "<group>";
		};
		613D86AC2C05C0510039E771 /* Model */ = {
			isa = PBXGroup;
			children = (
				611EE67A2C20C0680096D903 /* Community */,
				619FE8EA2C1F147300745A0A /* Report */,
				617BCCC72C1982B9008D8D48 /* Manage */,
				617357242C13648A0007B92A /* Review */,
				617357172C12AD420007B92A /* Chat */,
				611578CE2C0DCAA30096BC43 /* Sign */,
				CE3F36362C0846B900532901 /* RecommendPage */,
				8DB30F1F2C076B6F00503139 /* MyPage */,
				9C82B9502C0F2D55008FA84E /* ResponseStore.swift */,
				9CC6D3172C206BD6004C85D8 /* PinStoreModel.swift */,
			);
			path = Model;
			sourceTree = "<group>";
		};
		613D86B02C05C06F0039E771 /* ViewModel */ = {
			isa = PBXGroup;
			children = (
				610717A02C2117B900626649 /* Map */,
				CE4004032C1983E0009E1142 /* Recommend */,
				617BCCC02C195E14008D8D48 /* Manage */,
				6173572A2C137B430007B92A /* Review */,
				611644332C09038B009FFDA5 /* Sign */,
				8DB30F2C2C07764E00503139 /* MyPage */,
			);
			path = ViewModel;
			sourceTree = "<group>";
		};
		613D86B32C05C08C0039E771 /* View */ = {
			isa = PBXGroup;
			children = (
				25CCA3B42C1ADBFE008F81A3 /* Community */,
				611EE6792C20BFD80096D903 /* Map */,
				617BCCBD2C195C96008D8D48 /* Manage */,
				CE3F36332C08467700532901 /* RecommendPage */,
				8DB2BE2A2C198ED6003FF2F1 /* Review */,
				6116442E2C08FEF2009FFDA5 /* Sign */,
				8DB30F1C2C076A6A00503139 /* MyPage */,
			);
			path = View;
			sourceTree = "<group>";
		};
		617357172C12AD420007B92A /* Chat */ = {
			isa = PBXGroup;
			children = (
				617357182C12AD540007B92A /* Message.swift */,
			);
			path = Chat;
			sourceTree = "<group>";
		};
		617357242C13648A0007B92A /* Review */ = {
			isa = PBXGroup;
			children = (
				617357252C1364940007B92A /* ReviewModel.swift */,
			);
			path = Review;
			sourceTree = "<group>";
		};
		617357272C137A320007B92A /* ETC */ = {
			isa = PBXGroup;
			children = (
				617357282C137A3F0007B92A /* Constants.swift */,
			);
			path = ETC;
			sourceTree = "<group>";
		};
		6173572A2C137B430007B92A /* Review */ = {
			isa = PBXGroup;
			children = (
				6173572B2C137B500007B92A /* ReviewViewModel.swift */,
			);
			path = Review;
			sourceTree = "<group>";
		};
		617BCCBD2C195C96008D8D48 /* Manage */ = {
			isa = PBXGroup;
			children = (
				611EE67C2C20C0990096D903 /* Cell */,
				617BCCBB2C191897008D8D48 /* ManageViewController.swift */,
				617BCCBE2C195CAB008D8D48 /* ManageView.swift */,
				6116167D2C1C218B008A2FA2 /* ReportViewController.swift */,
			);
			path = Manage;
			sourceTree = "<group>";
		};
		617BCCC02C195E14008D8D48 /* Manage */ = {
			isa = PBXGroup;
			children = (
				617BCCC12C195E24008D8D48 /* ManageViewModel.swift */,
				619FE8EF2C1F183300745A0A /* ReportViewModel.swift */,
			);
			path = Manage;
			sourceTree = "<group>";
		};
		617BCCC72C1982B9008D8D48 /* Manage */ = {
			isa = PBXGroup;
			children = (
				617BCCC82C1982CC008D8D48 /* DiffableSectionModel.swift */,
			);
			path = Manage;
			sourceTree = "<group>";
		};
		619FE8EA2C1F147300745A0A /* Report */ = {
			isa = PBXGroup;
			children = (
				619FE8EB2C1F147F00745A0A /* ReportModel.swift */,
			);
			path = Report;
			sourceTree = "<group>";
		};
		61AB7EF42C1E60F100C51ECA /* View */ = {
			isa = PBXGroup;
			children = (
				61AB7EF52C1E60FD00C51ECA /* CustomTextField.swift */,
				61AB7EF72C1E745200C51ECA /* CustomTextView.swift */,
			);
			path = View;
			sourceTree = "<group>";
		};
		8D580A412C082AA30057D370 /* Font */ = {
			isa = PBXGroup;
			children = (
				8D580A452C082AB50057D370 /* Pretendard-ExtraLight.ttf */,
				8D580A442C082AB50057D370 /* Pretendard-Regular.ttf */,
				8D580A422C082AB50057D370 /* Pretendard-Medium.ttf */,
				8D580A462C082AB60057D370 /* Pretendard-Bold.ttf */,
				8D580A432C082AB50057D370 /* Pretendard-Black.ttf */,
			);
			path = Font;
			sourceTree = "<group>";
		};
		8DB2BE2A2C198ED6003FF2F1 /* Review */ = {
			isa = PBXGroup;
			children = (
				611EE67E2C20C0BE0096D903 /* Cell */,
				8DD5CBB82C107C82004F27BD /* DetailedReviewViewController.swift */,
				8D60C7AC2C105EFC00CAFD0C /* StoreViewController.swift */,
				8D78CDDF2C0E077D00051D50 /* WriteViewController.swift */,
			);
			path = Review;
			sourceTree = "<group>";
		};
		8DB30F1C2C076A6A00503139 /* MyPage */ = {
			isa = PBXGroup;
			children = (
				611EE67F2C20C0CC0096D903 /* Cell */,
				8D580A4C2C08767F0057D370 /* MyScrapViewController.swift */,
				8DB30F312C07794E00503139 /* PersonalInfoViewController.swift */,
				8D3BA8402C15D5F1007597F2 /* SettingViewController.swift */,
				8D580A522C08C8420057D370 /* MyReviewViewController.swift */,
				61DAC4E32C05C3CF00DFC575 /* MyPageViewController.swift */,
				8DB30F2A2C07731400503139 /* MyPageView.swift */,
			);
			path = MyPage;
			sourceTree = "<group>";
		};
		8DB30F1F2C076B6F00503139 /* MyPage */ = {
			isa = PBXGroup;
			children = (
				8DB30F202C076B8B00503139 /* MyPageModel.swift */,
				8DB30F2F2C07771400503139 /* MyPageSection.swift */,
				8D580A4E2C0893A40057D370 /* ScrapList.swift */,
				8D2E862E2C1B2D7000967B13 /* BookmarkList.swift */,
				8DA4C3812C09BFA8008AB975 /* Review.swift */,
			);
			path = MyPage;
			sourceTree = "<group>";
		};
		8DB30F222C076FEF00503139 /* Extension */ = {
			isa = PBXGroup;
			children = (
				8DB30F232C07700E00503139 /* UIColor+Extension.swift */,
				9C82B95A2C0F54D7008FA84E /* Double+Extension.swift */,
				8D1410002C12BF900062E527 /* UIResponder+Extension.swift */,
				61DC69082C16A7EF003DEB73 /* UIViewController+Extension.swift */,
			);
			path = Extension;
			sourceTree = "<group>";
		};
		8DB30F252C07704800503139 /* Config */ = {
			isa = PBXGroup;
			children = (
				61AB7EF42C1E60F100C51ECA /* View */,
				8D580A412C082AA30057D370 /* Font */,
				8DB30F262C07705D00503139 /* ThemeColor.swift */,
				8D580A2F2C0826B40057D370 /* ThemeFont.swift */,
			);
			path = Config;
			sourceTree = "<group>";
		};
		8DB30F2C2C07764E00503139 /* MyPage */ = {
			isa = PBXGroup;
			children = (
				8DB30F2D2C07767100503139 /* MyPageViewModel.swift */,
				8D9A30592C180D99004E7F1B /* ScrapViewModel.swift */,
				8D2E862C2C1AD5DD00967B13 /* BookmarkViewModel.swift */,
			);
			path = MyPage;
			sourceTree = "<group>";
		};
		CE3F36332C08467700532901 /* RecommendPage */ = {
			isa = PBXGroup;
			children = (
				611EE67D2C20C0AB0096D903 /* Cell */,
				CE3F36392C08474700532901 /* RecommendViewController.swift */,
				CE3F36342C08469700532901 /* RecommendCardView.swift */,
				CE3F36412C1036D700532901 /* DetailViewController.swift */,
				CE4004112C1D1EED009E1142 /* CustomAlertViewController.swift */,
			);
			path = RecommendPage;
			sourceTree = "<group>";
		};
		CE3F36362C0846B900532901 /* RecommendPage */ = {
			isa = PBXGroup;
			children = (
				CE3F36372C0846C800532901 /* RecommendModel.swift */,
			);
			path = RecommendPage;
			sourceTree = "<group>";
		};
		CE4004032C1983E0009E1142 /* Recommend */ = {
			isa = PBXGroup;
			children = (
				611616792C1BD7A3008A2FA2 /* RecommendViewModel.swift */,
			);
			path = Recommend;
			sourceTree = "<group>";
		};
/* End PBXGroup section */

/* Begin PBXNativeTarget section */
		613D86942C05BFF80039E771 /* TteoPpoKki4U */ = {
			isa = PBXNativeTarget;
			buildConfigurationList = 613D86A92C05BFF90039E771 /* Build configuration list for PBXNativeTarget "TteoPpoKki4U" */;
			buildPhases = (
				613D86912C05BFF80039E771 /* Sources */,
				613D86922C05BFF80039E771 /* Frameworks */,
				613D86932C05BFF80039E771 /* Resources */,
			);
			buildRules = (
			);
			dependencies = (
			);
			name = TteoPpoKki4U;
			packageProductDependencies = (
				613D86B72C05C0DC0039E771 /* SnapKit */,
				61DAC4E92C05C7D800DFC575 /* KakaoSDK */,
				61DAC4EB2C05C7D800DFC575 /* KakaoSDKAuth */,
				61DAC4ED2C05C7D800DFC575 /* KakaoSDKUser */,
				61DAC4F02C05C80F00DFC575 /* GoogleSignIn */,
				61DAC4F52C06B57500DFC575 /* FirebaseAnalytics */,
				61DAC4F72C06B57500DFC575 /* FirebaseAuth */,
				61DAC4F92C06B57500DFC575 /* FirebaseDatabase */,
				61DAC4FB2C06B57500DFC575 /* FirebaseFirestore */,
				61DAC4FD2C06B57500DFC575 /* FirebaseStorage */,
				CE3F36312C08463700532901 /* VerticalCardSwiper */,
				618DEE082C125D9D006B95A8 /* Kingfisher */,
				CE3F36462C14286400532901 /* SkeletonView */,
				6173571E2C12AE470007B92A /* FirebaseMessaging */,
				6173572E2C1383C00007B92A /* YPImagePicker */,
				61395F3B2C14C7AD006E7EBD /* ProgressHUD */,
				610717A22C2131A400626649 /* SwiftJWT */,
			);
			productName = TteoPpoKki4U;
			productReference = 613D86952C05BFF80039E771 /* TteoPpoKki4U.app */;
			productType = "com.apple.product-type.application";
		};
/* End PBXNativeTarget section */

/* Begin PBXProject section */
		613D868D2C05BFF80039E771 /* Project object */ = {
			isa = PBXProject;
			attributes = {
				BuildIndependentTargetsInParallel = 1;
				LastSwiftUpdateCheck = 1540;
				LastUpgradeCheck = 1540;
				TargetAttributes = {
					613D86942C05BFF80039E771 = {
						CreatedOnToolsVersion = 15.4;
					};
				};
			};
			buildConfigurationList = 613D86902C05BFF80039E771 /* Build configuration list for PBXProject "TteoPpoKki4U" */;
			compatibilityVersion = "Xcode 14.0";
			developmentRegion = en;
			hasScannedForEncodings = 0;
			knownRegions = (
				en,
				Base,
			);
			mainGroup = 613D868C2C05BFF80039E771;
			packageReferences = (
				613D86B62C05C0DC0039E771 /* XCRemoteSwiftPackageReference "SnapKit" */,
				61DAC4E82C05C7D800DFC575 /* XCRemoteSwiftPackageReference "kakao-ios-sdk" */,
				61DAC4EF2C05C80F00DFC575 /* XCRemoteSwiftPackageReference "GoogleSignIn-iOS" */,
				61DAC4F42C06B57500DFC575 /* XCRemoteSwiftPackageReference "firebase-ios-sdk" */,
				CE3F36302C08463700532901 /* XCRemoteSwiftPackageReference "VerticalCardSwiper" */,
				618DEE072C125D9D006B95A8 /* XCRemoteSwiftPackageReference "Kingfisher" */,
				CE3F36452C14286400532901 /* XCRemoteSwiftPackageReference "SkeletonView" */,
				6173572D2C1383C00007B92A /* XCRemoteSwiftPackageReference "YPImagePicker" */,
				61395F3A2C14C7AD006E7EBD /* XCRemoteSwiftPackageReference "ProgressHUD" */,
				610717A12C2131A400626649 /* XCRemoteSwiftPackageReference "Swift-JWT" */,
			);
			productRefGroup = 613D86962C05BFF80039E771 /* Products */;
			projectDirPath = "";
			projectRoot = "";
			targets = (
				613D86942C05BFF80039E771 /* TteoPpoKki4U */,
			);
		};
/* End PBXProject section */

/* Begin PBXResourcesBuildPhase section */
		613D86932C05BFF80039E771 /* Resources */ = {
			isa = PBXResourcesBuildPhase;
			buildActionMask = 2147483647;
			files = (
				610717A72C21364600626649 /* AuthKey_RS7QZ647UQ_public.p8 in Resources */,
				8D580A472C082AB60057D370 /* Pretendard-Medium.ttf in Resources */,
				61ECFE852C21141F0067B1E1 /* GoogleService-Info.plist in Resources */,
				610717AB2C213D5C00626649 /* AuthKey_RS7QZ647UQ.p8 in Resources */,
				613D86A22C05BFF90039E771 /* Assets.xcassets in Resources */,
				8D580A492C082AB60057D370 /* Pretendard-Regular.ttf in Resources */,
				8D580A4A2C082AB60057D370 /* Pretendard-ExtraLight.ttf in Resources */,
				613D86A52C05BFF90039E771 /* Base in Resources */,
				8D580A4B2C082AB60057D370 /* Pretendard-Bold.ttf in Resources */,
				8D580A482C082AB60057D370 /* Pretendard-Black.ttf in Resources */,
			);
			runOnlyForDeploymentPostprocessing = 0;
		};
/* End PBXResourcesBuildPhase section */

/* Begin PBXSourcesBuildPhase section */
		613D86912C05BFF80039E771 /* Sources */ = {
			isa = PBXSourcesBuildPhase;
			buildActionMask = 2147483647;
			files = (
				61DC69092C16A7EF003DEB73 /* UIViewController+Extension.swift in Sources */,
				611644352C09039F009FFDA5 /* SignViewModel.swift in Sources */,
				61AB7EF82C1E745200C51ECA /* CustomTextView.swift in Sources */,
				9C82B94F2C0F2D27008FA84E /* NetworkManager.swift in Sources */,
				61DAC4E22C05C3C100DFC575 /* CommunityViewController.swift in Sources */,
				617357262C1364940007B92A /* ReviewModel.swift in Sources */,
				617BCCBC2C191897008D8D48 /* ManageViewController.swift in Sources */,
				611644322C09000F009FFDA5 /* GreetingBodyView.swift in Sources */,
				617BCCBF2C195CAB008D8D48 /* ManageView.swift in Sources */,
				8D3BA8412C15D5F1007597F2 /* SettingViewController.swift in Sources */,
				8D78CDE02C0E077D00051D50 /* WriteViewController.swift in Sources */,
				617BCCC22C195E24008D8D48 /* ManageViewModel.swift in Sources */,
				CE4004102C1D1D46009E1142 /* DetailCollectionViewCell.swift in Sources */,
				8DD5CBB92C107C82004F27BD /* DetailedReviewViewController.swift in Sources */,
				617357292C137A3F0007B92A /* Constants.swift in Sources */,
				8D580A532C08C8420057D370 /* MyReviewViewController.swift in Sources */,
				25CCA3B12C1ADA38008F81A3 /* CommunityTableViewCellSelf.swift in Sources */,
				617BCCC62C19699C008D8D48 /* ManageTableViewCell.swift in Sources */,
				CE3F36352C08469700532901 /* RecommendCardView.swift in Sources */,
				9C82B9512C0F2D55008FA84E /* ResponseStore.swift in Sources */,
				8D899FE02C1C3F0500FEBE77 /* BookmarkCell.swift in Sources */,
				8D580A302C0826B40057D370 /* ThemeFont.swift in Sources */,
				8D2E862F2C1B2D7000967B13 /* BookmarkList.swift in Sources */,
				CE3F36382C0846C800532901 /* RecommendModel.swift in Sources */,
				619FE8F02C1F183300745A0A /* ReportViewModel.swift in Sources */,
				617357192C12AD540007B92A /* Message.swift in Sources */,
				8DB30F302C07771400503139 /* MyPageSection.swift in Sources */,
				8DB30F1E2C076AE900503139 /* MyPageCollectionViewCell.swift in Sources */,
				CE4004122C1D1EED009E1142 /* CustomAlertViewController.swift in Sources */,
				617BCCC42C195E4B008D8D48 /* ManageManager.swift in Sources */,
				619FE8EC2C1F147F00745A0A /* ReportModel.swift in Sources */,
				9C82B95B2C0F54D7008FA84E /* Double+Extension.swift in Sources */,
				611644382C0909D4009FFDA5 /* SignManager.swift in Sources */,
				610717A92C2137F600626649 /* AppleTokenResponse.swift in Sources */,
				8DD5CBB72C107BFD004F27BD /* ReviewTableViewCell.swift in Sources */,
				61DC69072C15CC38003DEB73 /* StoreManager.swift in Sources */,
				617BCCBA2C1912CD008D8D48 /* GreetingBottomView.swift in Sources */,
				611644302C08FFFC009FFDA5 /* GreetingHeaderView.swift in Sources */,
				619D771A2C085EC80043EF82 /* GreetingViewController.swift in Sources */,
				61DAC5002C06CCB000DFC575 /* Secret.swift in Sources */,
				8D580A4F2C0893A40057D370 /* ScrapList.swift in Sources */,
				6116167E2C1C218C008A2FA2 /* ReportViewController.swift in Sources */,
				9C82B9552C0F3046008FA84E /* PinStoreView.swift in Sources */,
				8DB30F242C07700E00503139 /* UIColor+Extension.swift in Sources */,
				8DB30F212C076B8B00503139 /* MyPageModel.swift in Sources */,
				25CCA3AF2C1AD8A1008F81A3 /* CommunityTableViewCell.swift in Sources */,
				9C82B9592C0F31D0008FA84E /* MapView.swift in Sources */,
				8DA4C3842C0A0ACF008AB975 /* ReviewCell.swift in Sources */,
				6173572C2C137B500007B92A /* ReviewViewModel.swift in Sources */,
				8DB30F2B2C07731400503139 /* MyPageView.swift in Sources */,
				8D1410012C12BF900062E527 /* UIResponder+Extension.swift in Sources */,
				8D580A4D2C08767F0057D370 /* MyScrapViewController.swift in Sources */,
				CE3F36422C1036D700532901 /* DetailViewController.swift in Sources */,
				61DAC4E42C05C3CF00DFC575 /* MyPageViewController.swift in Sources */,
				8D9A305A2C180D99004E7F1B /* ScrapViewModel.swift in Sources */,
				8DB30F322C07794E00503139 /* PersonalInfoViewController.swift in Sources */,
				25CCA3B62C1ADE75008F81A3 /* CommunityChattingViewController.swift in Sources */,
				613D86992C05BFF80039E771 /* AppDelegate.swift in Sources */,
				CE3F363A2C08474700532901 /* RecommendViewController.swift in Sources */,
				25CCA3B32C1ADB2D008F81A3 /* CommunityData.swift in Sources */,
				6116167A2C1BD7A3008A2FA2 /* RecommendViewModel.swift in Sources */,
				8DA4C3822C09BFA8008AB975 /* Review.swift in Sources */,
				25CCA3B82C1AE272008F81A3 /* CommunityLocalTableViewCell.swift in Sources */,
				611578D02C0DCAAB0096BC43 /* UserModel.swift in Sources */,
				8D60C7AD2C105EFC00CAFD0C /* StoreViewController.swift in Sources */,
				8DB30F2E2C07767100503139 /* MyPageViewModel.swift in Sources */,
				617BCCC92C1982CC008D8D48 /* DiffableSectionModel.swift in Sources */,
				8D580A512C08AAF70057D370 /* ScrapCell.swift in Sources */,
				61AB7EF62C1E60FD00C51ECA /* CustomTextField.swift in Sources */,
				613D869B2C05BFF80039E771 /* SceneDelegate.swift in Sources */,
				9C82B9572C0F31A0008FA84E /* MapViewModel.swift in Sources */,
				9CC6D3182C206BD6004C85D8 /* PinStoreModel.swift in Sources */,
				8D2E862D2C1AD5DD00967B13 /* BookmarkViewModel.swift in Sources */,
				61DAC4E02C05C3A700DFC575 /* MapViewController.swift in Sources */,
				618DEE062C12516A006B95A8 /* UserManager.swift in Sources */,
				8DB30F272C07705D00503139 /* ThemeColor.swift in Sources */,
			);
			runOnlyForDeploymentPostprocessing = 0;
		};
/* End PBXSourcesBuildPhase section */

/* Begin PBXVariantGroup section */
		613D86A32C05BFF90039E771 /* LaunchScreen.storyboard */ = {
			isa = PBXVariantGroup;
			children = (
				613D86A42C05BFF90039E771 /* Base */,
			);
			name = LaunchScreen.storyboard;
			sourceTree = "<group>";
		};
/* End PBXVariantGroup section */

/* Begin XCBuildConfiguration section */
		613D86A72C05BFF90039E771 /* Debug */ = {
			isa = XCBuildConfiguration;
			buildSettings = {
				ALWAYS_SEARCH_USER_PATHS = NO;
				ASSETCATALOG_COMPILER_GENERATE_SWIFT_ASSET_SYMBOL_EXTENSIONS = YES;
				CLANG_ANALYZER_NONNULL = YES;
				CLANG_ANALYZER_NUMBER_OBJECT_CONVERSION = YES_AGGRESSIVE;
				CLANG_CXX_LANGUAGE_STANDARD = "gnu++20";
				CLANG_ENABLE_MODULES = YES;
				CLANG_ENABLE_OBJC_ARC = YES;
				CLANG_ENABLE_OBJC_WEAK = YES;
				CLANG_WARN_BLOCK_CAPTURE_AUTORELEASING = YES;
				CLANG_WARN_BOOL_CONVERSION = YES;
				CLANG_WARN_COMMA = YES;
				CLANG_WARN_CONSTANT_CONVERSION = YES;
				CLANG_WARN_DEPRECATED_OBJC_IMPLEMENTATIONS = YES;
				CLANG_WARN_DIRECT_OBJC_ISA_USAGE = YES_ERROR;
				CLANG_WARN_DOCUMENTATION_COMMENTS = YES;
				CLANG_WARN_EMPTY_BODY = YES;
				CLANG_WARN_ENUM_CONVERSION = YES;
				CLANG_WARN_INFINITE_RECURSION = YES;
				CLANG_WARN_INT_CONVERSION = YES;
				CLANG_WARN_NON_LITERAL_NULL_CONVERSION = YES;
				CLANG_WARN_OBJC_IMPLICIT_RETAIN_SELF = YES;
				CLANG_WARN_OBJC_LITERAL_CONVERSION = YES;
				CLANG_WARN_OBJC_ROOT_CLASS = YES_ERROR;
				CLANG_WARN_QUOTED_INCLUDE_IN_FRAMEWORK_HEADER = YES;
				CLANG_WARN_RANGE_LOOP_ANALYSIS = YES;
				CLANG_WARN_STRICT_PROTOTYPES = YES;
				CLANG_WARN_SUSPICIOUS_MOVE = YES;
				CLANG_WARN_UNGUARDED_AVAILABILITY = YES_AGGRESSIVE;
				CLANG_WARN_UNREACHABLE_CODE = YES;
				CLANG_WARN__DUPLICATE_METHOD_MATCH = YES;
				COPY_PHASE_STRIP = NO;
				DEBUG_INFORMATION_FORMAT = dwarf;
				ENABLE_STRICT_OBJC_MSGSEND = YES;
				ENABLE_TESTABILITY = YES;
				ENABLE_USER_SCRIPT_SANDBOXING = YES;
				GCC_C_LANGUAGE_STANDARD = gnu17;
				GCC_DYNAMIC_NO_PIC = NO;
				GCC_NO_COMMON_BLOCKS = YES;
				GCC_OPTIMIZATION_LEVEL = 0;
				GCC_PREPROCESSOR_DEFINITIONS = (
					"DEBUG=1",
					"$(inherited)",
				);
				GCC_WARN_64_TO_32_BIT_CONVERSION = YES;
				GCC_WARN_ABOUT_RETURN_TYPE = YES_ERROR;
				GCC_WARN_UNDECLARED_SELECTOR = YES;
				GCC_WARN_UNINITIALIZED_AUTOS = YES_AGGRESSIVE;
				GCC_WARN_UNUSED_FUNCTION = YES;
				GCC_WARN_UNUSED_VARIABLE = YES;
				IPHONEOS_DEPLOYMENT_TARGET = 15.0;
				LOCALIZATION_PREFERS_STRING_CATALOGS = YES;
				MTL_ENABLE_DEBUG_INFO = INCLUDE_SOURCE;
				MTL_FAST_MATH = YES;
				ONLY_ACTIVE_ARCH = YES;
				SDKROOT = iphoneos;
				SWIFT_ACTIVE_COMPILATION_CONDITIONS = "DEBUG $(inherited)";
				SWIFT_OPTIMIZATION_LEVEL = "-Onone";
			};
			name = Debug;
		};
		613D86A82C05BFF90039E771 /* Release */ = {
			isa = XCBuildConfiguration;
			buildSettings = {
				ALWAYS_SEARCH_USER_PATHS = NO;
				ASSETCATALOG_COMPILER_GENERATE_SWIFT_ASSET_SYMBOL_EXTENSIONS = YES;
				CLANG_ANALYZER_NONNULL = YES;
				CLANG_ANALYZER_NUMBER_OBJECT_CONVERSION = YES_AGGRESSIVE;
				CLANG_CXX_LANGUAGE_STANDARD = "gnu++20";
				CLANG_ENABLE_MODULES = YES;
				CLANG_ENABLE_OBJC_ARC = YES;
				CLANG_ENABLE_OBJC_WEAK = YES;
				CLANG_WARN_BLOCK_CAPTURE_AUTORELEASING = YES;
				CLANG_WARN_BOOL_CONVERSION = YES;
				CLANG_WARN_COMMA = YES;
				CLANG_WARN_CONSTANT_CONVERSION = YES;
				CLANG_WARN_DEPRECATED_OBJC_IMPLEMENTATIONS = YES;
				CLANG_WARN_DIRECT_OBJC_ISA_USAGE = YES_ERROR;
				CLANG_WARN_DOCUMENTATION_COMMENTS = YES;
				CLANG_WARN_EMPTY_BODY = YES;
				CLANG_WARN_ENUM_CONVERSION = YES;
				CLANG_WARN_INFINITE_RECURSION = YES;
				CLANG_WARN_INT_CONVERSION = YES;
				CLANG_WARN_NON_LITERAL_NULL_CONVERSION = YES;
				CLANG_WARN_OBJC_IMPLICIT_RETAIN_SELF = YES;
				CLANG_WARN_OBJC_LITERAL_CONVERSION = YES;
				CLANG_WARN_OBJC_ROOT_CLASS = YES_ERROR;
				CLANG_WARN_QUOTED_INCLUDE_IN_FRAMEWORK_HEADER = YES;
				CLANG_WARN_RANGE_LOOP_ANALYSIS = YES;
				CLANG_WARN_STRICT_PROTOTYPES = YES;
				CLANG_WARN_SUSPICIOUS_MOVE = YES;
				CLANG_WARN_UNGUARDED_AVAILABILITY = YES_AGGRESSIVE;
				CLANG_WARN_UNREACHABLE_CODE = YES;
				CLANG_WARN__DUPLICATE_METHOD_MATCH = YES;
				COPY_PHASE_STRIP = NO;
				DEBUG_INFORMATION_FORMAT = "dwarf-with-dsym";
				ENABLE_NS_ASSERTIONS = NO;
				ENABLE_STRICT_OBJC_MSGSEND = YES;
				ENABLE_USER_SCRIPT_SANDBOXING = YES;
				GCC_C_LANGUAGE_STANDARD = gnu17;
				GCC_NO_COMMON_BLOCKS = YES;
				GCC_WARN_64_TO_32_BIT_CONVERSION = YES;
				GCC_WARN_ABOUT_RETURN_TYPE = YES_ERROR;
				GCC_WARN_UNDECLARED_SELECTOR = YES;
				GCC_WARN_UNINITIALIZED_AUTOS = YES_AGGRESSIVE;
				GCC_WARN_UNUSED_FUNCTION = YES;
				GCC_WARN_UNUSED_VARIABLE = YES;
				IPHONEOS_DEPLOYMENT_TARGET = 15.0;
				LOCALIZATION_PREFERS_STRING_CATALOGS = YES;
				MTL_ENABLE_DEBUG_INFO = NO;
				MTL_FAST_MATH = YES;
				SDKROOT = iphoneos;
				SWIFT_COMPILATION_MODE = wholemodule;
				VALIDATE_PRODUCT = YES;
			};
			name = Release;
		};
		613D86AA2C05BFF90039E771 /* Debug */ = {
			isa = XCBuildConfiguration;
			buildSettings = {
				ASSETCATALOG_COMPILER_APPICON_NAME = AppIcon;
				ASSETCATALOG_COMPILER_GLOBAL_ACCENT_COLOR_NAME = AccentColor;
				CODE_SIGN_ENTITLEMENTS = TteoPpoKki4U/TteoPpoKki4U.entitlements;
				CODE_SIGN_IDENTITY = "Apple Development";
				CODE_SIGN_STYLE = Automatic;
				CURRENT_PROJECT_VERSION = 1;
				DEVELOPMENT_TEAM = LA95MXQ3R5;
				GENERATE_INFOPLIST_FILE = YES;
				INFOPLIST_FILE = TteoPpoKki4U/Info.plist;
				INFOPLIST_KEY_NSCameraUsageDescription = "리뷰 작성을 위해 동의가 필요합니다.";
				INFOPLIST_KEY_NSLocationAlwaysAndWhenInUseUsageDescription = "주변 맛집 확인을 위해 동의가 필요합니다.";
				INFOPLIST_KEY_NSLocationWhenInUseUsageDescription = "주변 맛집 확인을 위해 동의가 필요합니다.";
				INFOPLIST_KEY_NSPhotoLibraryUsageDescription = "프로필 사진을 사용하기 위해 필요합니다";
				INFOPLIST_KEY_UIApplicationSupportsIndirectInputEvents = YES;
				INFOPLIST_KEY_UILaunchStoryboardName = LaunchScreen;
				INFOPLIST_KEY_UISupportedInterfaceOrientations = "UIInterfaceOrientationLandscapeLeft UIInterfaceOrientationLandscapeRight UIInterfaceOrientationPortrait";
				INFOPLIST_KEY_UISupportedInterfaceOrientations_iPad = "UIInterfaceOrientationLandscapeLeft UIInterfaceOrientationLandscapeRight UIInterfaceOrientationPortrait UIInterfaceOrientationPortraitUpsideDown";
				IPHONEOS_DEPLOYMENT_TARGET = 15.0;
				LD_RUNPATH_SEARCH_PATHS = (
					"$(inherited)",
					"@executable_path/Frameworks",
				);
				MARKETING_VERSION = 1.0;
				PRODUCT_BUNDLE_IDENTIFIER = com.TeamSwiftbreakers.TteoPpoKki4U;
				PRODUCT_NAME = "$(TARGET_NAME)";
				PROVISIONING_PROFILE_SPECIFIER = "";
				SUPPORTED_PLATFORMS = "iphoneos iphonesimulator";
				SUPPORTS_MACCATALYST = NO;
				SUPPORTS_MAC_DESIGNED_FOR_IPHONE_IPAD = NO;
				SUPPORTS_XR_DESIGNED_FOR_IPHONE_IPAD = NO;
				SWIFT_EMIT_LOC_STRINGS = YES;
				SWIFT_VERSION = 5.0;
				TARGETED_DEVICE_FAMILY = 1;
			};
			name = Debug;
		};
		613D86AB2C05BFF90039E771 /* Release */ = {
			isa = XCBuildConfiguration;
			buildSettings = {
				ASSETCATALOG_COMPILER_APPICON_NAME = AppIcon;
				ASSETCATALOG_COMPILER_GLOBAL_ACCENT_COLOR_NAME = AccentColor;
				CODE_SIGN_ENTITLEMENTS = TteoPpoKki4U/TteoPpoKki4U.entitlements;
				CODE_SIGN_STYLE = Automatic;
				CURRENT_PROJECT_VERSION = 1;
				DEVELOPMENT_TEAM = LA95MXQ3R5;
				GENERATE_INFOPLIST_FILE = YES;
				INFOPLIST_FILE = TteoPpoKki4U/Info.plist;
				INFOPLIST_KEY_NSCameraUsageDescription = "리뷰 작성을 위해 동의가 필요합니다.";
				INFOPLIST_KEY_NSLocationAlwaysAndWhenInUseUsageDescription = "주변 맛집 확인을 위해 동의가 필요합니다.";
				INFOPLIST_KEY_NSLocationWhenInUseUsageDescription = "주변 맛집 확인을 위해 동의가 필요합니다.";
				INFOPLIST_KEY_NSPhotoLibraryUsageDescription = "프로필 사진을 사용하기 위해 필요합니다";
				INFOPLIST_KEY_UIApplicationSupportsIndirectInputEvents = YES;
				INFOPLIST_KEY_UILaunchStoryboardName = LaunchScreen;
				INFOPLIST_KEY_UISupportedInterfaceOrientations = "UIInterfaceOrientationLandscapeLeft UIInterfaceOrientationLandscapeRight UIInterfaceOrientationPortrait";
				INFOPLIST_KEY_UISupportedInterfaceOrientations_iPad = "UIInterfaceOrientationLandscapeLeft UIInterfaceOrientationLandscapeRight UIInterfaceOrientationPortrait UIInterfaceOrientationPortraitUpsideDown";
				IPHONEOS_DEPLOYMENT_TARGET = 15.0;
				LD_RUNPATH_SEARCH_PATHS = (
					"$(inherited)",
					"@executable_path/Frameworks",
				);
				MARKETING_VERSION = 1.0;
				PRODUCT_BUNDLE_IDENTIFIER = com.TeamSwiftbreakers.TteoPpoKki4U;
				PRODUCT_NAME = "$(TARGET_NAME)";
				SUPPORTED_PLATFORMS = "iphoneos iphonesimulator";
				SUPPORTS_MACCATALYST = NO;
				SUPPORTS_MAC_DESIGNED_FOR_IPHONE_IPAD = NO;
				SUPPORTS_XR_DESIGNED_FOR_IPHONE_IPAD = NO;
				SWIFT_EMIT_LOC_STRINGS = YES;
				SWIFT_VERSION = 5.0;
				TARGETED_DEVICE_FAMILY = 1;
			};
			name = Release;
		};
/* End XCBuildConfiguration section */

/* Begin XCConfigurationList section */
		613D86902C05BFF80039E771 /* Build configuration list for PBXProject "TteoPpoKki4U" */ = {
			isa = XCConfigurationList;
			buildConfigurations = (
				613D86A72C05BFF90039E771 /* Debug */,
				613D86A82C05BFF90039E771 /* Release */,
			);
			defaultConfigurationIsVisible = 0;
			defaultConfigurationName = Release;
		};
		613D86A92C05BFF90039E771 /* Build configuration list for PBXNativeTarget "TteoPpoKki4U" */ = {
			isa = XCConfigurationList;
			buildConfigurations = (
				613D86AA2C05BFF90039E771 /* Debug */,
				613D86AB2C05BFF90039E771 /* Release */,
			);
			defaultConfigurationIsVisible = 0;
			defaultConfigurationName = Release;
		};
/* End XCConfigurationList section */

/* Begin XCRemoteSwiftPackageReference section */
		610717A12C2131A400626649 /* XCRemoteSwiftPackageReference "Swift-JWT" */ = {
			isa = XCRemoteSwiftPackageReference;
			repositoryURL = "https://github.com/Kitura/Swift-JWT.git";
			requirement = {
				kind = upToNextMajorVersion;
				minimumVersion = 4.0.1;
			};
		};
		61395F3A2C14C7AD006E7EBD /* XCRemoteSwiftPackageReference "ProgressHUD" */ = {
			isa = XCRemoteSwiftPackageReference;
			repositoryURL = "https://github.com/relatedcode/ProgressHUD.git";
			requirement = {
				kind = upToNextMajorVersion;
				minimumVersion = 14.1.3;
			};
		};
		613D86B62C05C0DC0039E771 /* XCRemoteSwiftPackageReference "SnapKit" */ = {
			isa = XCRemoteSwiftPackageReference;
			repositoryURL = "https://github.com/SnapKit/SnapKit";
			requirement = {
				kind = upToNextMajorVersion;
				minimumVersion = 5.7.1;
			};
		};
		6173572D2C1383C00007B92A /* XCRemoteSwiftPackageReference "YPImagePicker" */ = {
			isa = XCRemoteSwiftPackageReference;
			repositoryURL = "https://github.com/Yummypets/YPImagePicker.git";
			requirement = {
				kind = upToNextMajorVersion;
				minimumVersion = 5.2.2;
			};
		};
		618DEE072C125D9D006B95A8 /* XCRemoteSwiftPackageReference "Kingfisher" */ = {
			isa = XCRemoteSwiftPackageReference;
			repositoryURL = "https://github.com/onevcat/Kingfisher.git";
			requirement = {
				kind = upToNextMajorVersion;
				minimumVersion = 7.11.0;
			};
		};
		61DAC4E82C05C7D800DFC575 /* XCRemoteSwiftPackageReference "kakao-ios-sdk" */ = {
			isa = XCRemoteSwiftPackageReference;
			repositoryURL = "https://github.com/kakao/kakao-ios-sdk";
			requirement = {
				kind = upToNextMajorVersion;
				minimumVersion = 2.22.2;
			};
		};
		61DAC4EF2C05C80F00DFC575 /* XCRemoteSwiftPackageReference "GoogleSignIn-iOS" */ = {
			isa = XCRemoteSwiftPackageReference;
			repositoryURL = "https://github.com/google/GoogleSignIn-iOS";
			requirement = {
				kind = upToNextMajorVersion;
				minimumVersion = 7.1.0;
			};
		};
		61DAC4F42C06B57500DFC575 /* XCRemoteSwiftPackageReference "firebase-ios-sdk" */ = {
			isa = XCRemoteSwiftPackageReference;
			repositoryURL = "https://github.com/firebase/firebase-ios-sdk";
			requirement = {
				kind = upToNextMajorVersion;
				minimumVersion = 10.26.0;
			};
		};
		CE3F36302C08463700532901 /* XCRemoteSwiftPackageReference "VerticalCardSwiper" */ = {
			isa = XCRemoteSwiftPackageReference;
			repositoryURL = "https://github.com/JoniVR/VerticalCardSwiper.git";
			requirement = {
				kind = upToNextMajorVersion;
				minimumVersion = 2.3.1;
			};
		};
		CE3F36452C14286400532901 /* XCRemoteSwiftPackageReference "SkeletonView" */ = {
			isa = XCRemoteSwiftPackageReference;
			repositoryURL = "https://github.com/Juanpe/SkeletonView.git";
			requirement = {
				kind = upToNextMajorVersion;
				minimumVersion = 1.31.0;
			};
		};
/* End XCRemoteSwiftPackageReference section */

/* Begin XCSwiftPackageProductDependency section */
		610717A22C2131A400626649 /* SwiftJWT */ = {
			isa = XCSwiftPackageProductDependency;
			package = 610717A12C2131A400626649 /* XCRemoteSwiftPackageReference "Swift-JWT" */;
			productName = SwiftJWT;
		};
		61395F3B2C14C7AD006E7EBD /* ProgressHUD */ = {
			isa = XCSwiftPackageProductDependency;
			package = 61395F3A2C14C7AD006E7EBD /* XCRemoteSwiftPackageReference "ProgressHUD" */;
			productName = ProgressHUD;
		};
		613D86B72C05C0DC0039E771 /* SnapKit */ = {
			isa = XCSwiftPackageProductDependency;
			package = 613D86B62C05C0DC0039E771 /* XCRemoteSwiftPackageReference "SnapKit" */;
			productName = SnapKit;
		};
		6173571E2C12AE470007B92A /* FirebaseMessaging */ = {
			isa = XCSwiftPackageProductDependency;
			package = 61DAC4F42C06B57500DFC575 /* XCRemoteSwiftPackageReference "firebase-ios-sdk" */;
			productName = FirebaseMessaging;
		};
		6173572E2C1383C00007B92A /* YPImagePicker */ = {
			isa = XCSwiftPackageProductDependency;
			package = 6173572D2C1383C00007B92A /* XCRemoteSwiftPackageReference "YPImagePicker" */;
			productName = YPImagePicker;
		};
		618DEE082C125D9D006B95A8 /* Kingfisher */ = {
			isa = XCSwiftPackageProductDependency;
			package = 618DEE072C125D9D006B95A8 /* XCRemoteSwiftPackageReference "Kingfisher" */;
			productName = Kingfisher;
		};
		61DAC4E92C05C7D800DFC575 /* KakaoSDK */ = {
			isa = XCSwiftPackageProductDependency;
			package = 61DAC4E82C05C7D800DFC575 /* XCRemoteSwiftPackageReference "kakao-ios-sdk" */;
			productName = KakaoSDK;
		};
		61DAC4EB2C05C7D800DFC575 /* KakaoSDKAuth */ = {
			isa = XCSwiftPackageProductDependency;
			package = 61DAC4E82C05C7D800DFC575 /* XCRemoteSwiftPackageReference "kakao-ios-sdk" */;
			productName = KakaoSDKAuth;
		};
		61DAC4ED2C05C7D800DFC575 /* KakaoSDKUser */ = {
			isa = XCSwiftPackageProductDependency;
			package = 61DAC4E82C05C7D800DFC575 /* XCRemoteSwiftPackageReference "kakao-ios-sdk" */;
			productName = KakaoSDKUser;
		};
		61DAC4F02C05C80F00DFC575 /* GoogleSignIn */ = {
			isa = XCSwiftPackageProductDependency;
			package = 61DAC4EF2C05C80F00DFC575 /* XCRemoteSwiftPackageReference "GoogleSignIn-iOS" */;
			productName = GoogleSignIn;
		};
		61DAC4F52C06B57500DFC575 /* FirebaseAnalytics */ = {
			isa = XCSwiftPackageProductDependency;
			package = 61DAC4F42C06B57500DFC575 /* XCRemoteSwiftPackageReference "firebase-ios-sdk" */;
			productName = FirebaseAnalytics;
		};
		61DAC4F72C06B57500DFC575 /* FirebaseAuth */ = {
			isa = XCSwiftPackageProductDependency;
			package = 61DAC4F42C06B57500DFC575 /* XCRemoteSwiftPackageReference "firebase-ios-sdk" */;
			productName = FirebaseAuth;
		};
		61DAC4F92C06B57500DFC575 /* FirebaseDatabase */ = {
			isa = XCSwiftPackageProductDependency;
			package = 61DAC4F42C06B57500DFC575 /* XCRemoteSwiftPackageReference "firebase-ios-sdk" */;
			productName = FirebaseDatabase;
		};
		61DAC4FB2C06B57500DFC575 /* FirebaseFirestore */ = {
			isa = XCSwiftPackageProductDependency;
			package = 61DAC4F42C06B57500DFC575 /* XCRemoteSwiftPackageReference "firebase-ios-sdk" */;
			productName = FirebaseFirestore;
		};
		61DAC4FD2C06B57500DFC575 /* FirebaseStorage */ = {
			isa = XCSwiftPackageProductDependency;
			package = 61DAC4F42C06B57500DFC575 /* XCRemoteSwiftPackageReference "firebase-ios-sdk" */;
			productName = FirebaseStorage;
		};
		CE3F36312C08463700532901 /* VerticalCardSwiper */ = {
			isa = XCSwiftPackageProductDependency;
			package = CE3F36302C08463700532901 /* XCRemoteSwiftPackageReference "VerticalCardSwiper" */;
			productName = VerticalCardSwiper;
		};
		CE3F36462C14286400532901 /* SkeletonView */ = {
			isa = XCSwiftPackageProductDependency;
			package = CE3F36452C14286400532901 /* XCRemoteSwiftPackageReference "SkeletonView" */;
			productName = SkeletonView;
		};
/* End XCSwiftPackageProductDependency section */
	};
	rootObject = 613D868D2C05BFF80039E771 /* Project object */;
}
